
Microsoft Visual Studio Solution File, Format Version 12.00
# Visual Studio Version 16
VisualStudioVersion = 16.0.31729.503
MinimumVisualStudioVersion = 10.0.40219.1
Project("{9A19103F-16F7-4668-BE54-9A1E7A4F7556}") = "DfE Testing", "DfE Testing\DfE Testing.csproj", "{BF79D84D-F027-42F3-ABB5-5B767D68BA2E}"
EndProject
Project("{2150E333-8FDC-42A3-9474-1A3956D46DE8}") = "Solution Items", "Solution Items", "{0A7C8288-CEA5-4244-B4F2-FC8AAACCA9F2}"
	ProjectSection(SolutionItems) = preProject
		.editorconfig = .editorconfig
	EndProjectSection
EndProject
Global
	GlobalSection(SolutionConfigurationPlatforms) = preSolution
		Debug|Any CPU = Debug|Any CPU
		Release|Any CPU = Release|Any CPU
	EndGlobalSection
	GlobalSection(ProjectConfigurationPlatforms) = postSolution
		{BF79D84D-F027-42F3-ABB5-5B767D68BA2E}.Debug|Any CPU.ActiveCfg = Debug|Any CPU
		{BF79D84D-F027-42F3-ABB5-5B767D68BA2E}.Debug|Any CPU.Build.0 = Debug|Any CPU
		{BF79D84D-F027-42F3-ABB5-5B767D68BA2E}.Release|Any CPU.ActiveCfg = Release|Any CPU
		{BF79D84D-F027-42F3-ABB5-5B767D68BA2E}.Release|Any CPU.Build.0 = Release|Any CPU
	EndGlobalSection
	GlobalSection(SolutionProperties) = preSolution
		HideSolutionNode = FALSE
	EndGlobalSection
	GlobalSection(ExtensibilityGlobals) = postSolution
		SolutionGuid = {94C1A9B5-B4D9-4A80-AC3B-CEE9AE1B84D7}
	EndGlobalSection
EndGlobal
